
Microsoft Visual Studio Solution File, Format Version 12.00
# Visual Studio Version 16
VisualStudioVersion = 16.0.29201.188
MinimumVisualStudioVersion = 10.0.40219.1
Project("{FAE04EC0-301F-11D3-BF4B-00C04F79EFBC}") = "CorePractice", "CorePractice\CorePractice.csproj", "{099055D7-7693-4913-9B62-C25C911B7E83}"
EndProject
Project("{FAE04EC0-301F-11D3-BF4B-00C04F79EFBC}") = "CorePractice.Tests", "CorePractice.Tests\CorePractice.Tests.csproj", "{206DCFF7-8A0E-47AF-B1B3-D9DE66E9BB6A}"
EndProject
Global
	GlobalSection(SolutionConfigurationPlatforms) = preSolution
		Debug|Any CPU = Debug|Any CPU
		Release|Any CPU = Release|Any CPU
	EndGlobalSection
	GlobalSection(ProjectConfigurationPlatforms) = postSolution
		{099055D7-7693-4913-9B62-C25C911B7E83}.Debug|Any CPU.ActiveCfg = Debug|Any CPU
		{099055D7-7693-4913-9B62-C25C911B7E83}.Debug|Any CPU.Build.0 = Debug|Any CPU
		{099055D7-7693-4913-9B62-C25C911B7E83}.Release|Any CPU.ActiveCfg = Release|Any CPU
		{099055D7-7693-4913-9B62-C25C911B7E83}.Release|Any CPU.Build.0 = Release|Any CPU
		{206DCFF7-8A0E-47AF-B1B3-D9DE66E9BB6A}.Debug|Any CPU.ActiveCfg = Debug|Any CPU
		{206DCFF7-8A0E-47AF-B1B3-D9DE66E9BB6A}.Debug|Any CPU.Build.0 = Debug|Any CPU
		{206DCFF7-8A0E-47AF-B1B3-D9DE66E9BB6A}.Release|Any CPU.ActiveCfg = Release|Any CPU
		{206DCFF7-8A0E-47AF-B1B3-D9DE66E9BB6A}.Release|Any CPU.Build.0 = Release|Any CPU
	EndGlobalSection
	GlobalSection(SolutionProperties) = preSolution
		HideSolutionNode = FALSE
	EndGlobalSection
	GlobalSection(ExtensibilityGlobals) = postSolution
		SolutionGuid = {C8EA1B3A-FF91-4675-B227-089AF67D04C4}
	EndGlobalSection
EndGlobal
